
Microsoft Visual Studio Solution File, Format Version 12.00
# Visual Studio Version 17
VisualStudioVersion = 17.11.35327.3
MinimumVisualStudioVersion = 10.0.40219.1
Project("{FAE04EC0-301F-11D3-BF4B-00C04F79EFBC}") = "BancoMasterBack.Webapi", "BancoMasterBack\BancoMasterBack.Webapi.csproj", "{175CAC64-2927-41FF-A780-38693E48D355}"
EndProject
Project("{FAE04EC0-301F-11D3-BF4B-00C04F79EFBC}") = "BancoMasterBack.Domain", "2 - Domain\BancoMasterBack.Domain.csproj", "{94C15E13-C3B3-4039-9C4A-7BE46AA2FBF2}"
EndProject
Project("{FAE04EC0-301F-11D3-BF4B-00C04F79EFBC}") = "BancoMasterBack.Repository", "Repository\BancoMasterBack.Repository.csproj", "{0D002A65-E664-484B-AC2E-E9D2C65E6FC2}"
EndProject
Project("{2150E333-8FDC-42A3-9474-1A3956D46DE8}") = "01-Webapi", "01-Webapi", "{98A06C05-180A-442E-AB0F-D590B8255715}"
EndProject
Project("{2150E333-8FDC-42A3-9474-1A3956D46DE8}") = "02-Domain", "02-Domain", "{B0734BDC-A8C6-4A6B-912E-54FB9C2ADB95}"
EndProject
Project("{2150E333-8FDC-42A3-9474-1A3956D46DE8}") = "03-Repository", "03-Repository", "{0F23673E-BDF9-4CD0-8ED3-66AE8A7A8B59}"
EndProject
Project("{2150E333-8FDC-42A3-9474-1A3956D46DE8}") = "04-Tests", "04-Tests", "{5B32198D-2D79-452A-A877-2B6AABB4209B}"
EndProject
Project("{FAE04EC0-301F-11D3-BF4B-00C04F79EFBC}") = "BancoMasterBack.xUnitTest", "BancoMasterBack.xUnitTest\BancoMasterBack.xUnitTest.csproj", "{FD861FB2-425A-4244-96D3-52A89E2F3F94}"
EndProject
Global
	GlobalSection(SolutionConfigurationPlatforms) = preSolution
		Debug|Any CPU = Debug|Any CPU
		Release|Any CPU = Release|Any CPU
	EndGlobalSection
	GlobalSection(ProjectConfigurationPlatforms) = postSolution
		{175CAC64-2927-41FF-A780-38693E48D355}.Debug|Any CPU.ActiveCfg = Debug|Any CPU
		{175CAC64-2927-41FF-A780-38693E48D355}.Debug|Any CPU.Build.0 = Debug|Any CPU
		{175CAC64-2927-41FF-A780-38693E48D355}.Release|Any CPU.ActiveCfg = Release|Any CPU
		{175CAC64-2927-41FF-A780-38693E48D355}.Release|Any CPU.Build.0 = Release|Any CPU
		{94C15E13-C3B3-4039-9C4A-7BE46AA2FBF2}.Debug|Any CPU.ActiveCfg = Debug|Any CPU
		{94C15E13-C3B3-4039-9C4A-7BE46AA2FBF2}.Debug|Any CPU.Build.0 = Debug|Any CPU
		{94C15E13-C3B3-4039-9C4A-7BE46AA2FBF2}.Release|Any CPU.ActiveCfg = Release|Any CPU
		{94C15E13-C3B3-4039-9C4A-7BE46AA2FBF2}.Release|Any CPU.Build.0 = Release|Any CPU
		{0D002A65-E664-484B-AC2E-E9D2C65E6FC2}.Debug|Any CPU.ActiveCfg = Debug|Any CPU
		{0D002A65-E664-484B-AC2E-E9D2C65E6FC2}.Debug|Any CPU.Build.0 = Debug|Any CPU
		{0D002A65-E664-484B-AC2E-E9D2C65E6FC2}.Release|Any CPU.ActiveCfg = Release|Any CPU
		{0D002A65-E664-484B-AC2E-E9D2C65E6FC2}.Release|Any CPU.Build.0 = Release|Any CPU
		{FD861FB2-425A-4244-96D3-52A89E2F3F94}.Debug|Any CPU.ActiveCfg = Debug|Any CPU
		{FD861FB2-425A-4244-96D3-52A89E2F3F94}.Debug|Any CPU.Build.0 = Debug|Any CPU
		{FD861FB2-425A-4244-96D3-52A89E2F3F94}.Release|Any CPU.ActiveCfg = Release|Any CPU
		{FD861FB2-425A-4244-96D3-52A89E2F3F94}.Release|Any CPU.Build.0 = Release|Any CPU
	EndGlobalSection
	GlobalSection(SolutionProperties) = preSolution
		HideSolutionNode = FALSE
	EndGlobalSection
	GlobalSection(NestedProjects) = preSolution
		{175CAC64-2927-41FF-A780-38693E48D355} = {98A06C05-180A-442E-AB0F-D590B8255715}
		{94C15E13-C3B3-4039-9C4A-7BE46AA2FBF2} = {B0734BDC-A8C6-4A6B-912E-54FB9C2ADB95}
		{0D002A65-E664-484B-AC2E-E9D2C65E6FC2} = {0F23673E-BDF9-4CD0-8ED3-66AE8A7A8B59}
		{FD861FB2-425A-4244-96D3-52A89E2F3F94} = {5B32198D-2D79-452A-A877-2B6AABB4209B}
	EndGlobalSection
	GlobalSection(ExtensibilityGlobals) = postSolution
		SolutionGuid = {27327E26-E683-4256-8182-01A12C20C08A}
	EndGlobalSection
EndGlobal
