
Microsoft Visual Studio Solution File, Format Version 12.00
# Visual Studio Version 17
VisualStudioVersion = 17.11.35327.3
MinimumVisualStudioVersion = 10.0.40219.1
Project("{9A19103F-16F7-4668-BE54-9A1E7A4F7556}") = "BancoMasterBack.Webapi", "01-Webapi\BancoMasterBack.Webapi.csproj", "{175CAC64-2927-41FF-A780-38693E48D355}"
EndProject
Project("{9A19103F-16F7-4668-BE54-9A1E7A4F7556}") = "BancoMasterBack.Domain", "02-Domain\BancoMasterBack.Domain.csproj", "{94C15E13-C3B3-4039-9C4A-7BE46AA2FBF2}"
EndProject
Project("{9A19103F-16F7-4668-BE54-9A1E7A4F7556}") = "BancoMasterBack.Repository", "03-Repository\BancoMasterBack.Repository.csproj", "{0D002A65-E664-484B-AC2E-E9D2C65E6FC2}"
EndProject
Project("{9A19103F-16F7-4668-BE54-9A1E7A4F7556}") = "BancoMasterBack.xUnitTest", "04-UnitTest\BancoMasterBack.xUnitTest.csproj", "{FD861FB2-425A-4244-96D3-52A89E2F3F94}"
EndProject
Project("{2150E333-8FDC-42A3-9474-1A3956D46DE8}") = "01-Webapi", "01-Webapi", "{C26C6594-0189-4F21-B282-729D97B583DE}"
EndProject
Project("{2150E333-8FDC-42A3-9474-1A3956D46DE8}") = "02-Domain", "02-Domain", "{BA2D53C8-1A45-438E-84F8-A841E335F946}"
EndProject
Project("{2150E333-8FDC-42A3-9474-1A3956D46DE8}") = "03-Repository", "03-Repository", "{9E71896F-CF31-46AD-AA0C-CA1B16EC2382}"
EndProject
Project("{2150E333-8FDC-42A3-9474-1A3956D46DE8}") = "04-UnitTest", "04-UnitTest", "{167EC54A-C7B1-4A69-99F6-9A3BEB069B03}"
EndProject
Global
	GlobalSection(SolutionConfigurationPlatforms) = preSolution
		Debug|Any CPU = Debug|Any CPU
		Release|Any CPU = Release|Any CPU
	EndGlobalSection
	GlobalSection(ProjectConfigurationPlatforms) = postSolution
		{175CAC64-2927-41FF-A780-38693E48D355}.Debug|Any CPU.ActiveCfg = Debug|Any CPU
		{175CAC64-2927-41FF-A780-38693E48D355}.Debug|Any CPU.Build.0 = Debug|Any CPU
		{175CAC64-2927-41FF-A780-38693E48D355}.Release|Any CPU.ActiveCfg = Release|Any CPU
		{175CAC64-2927-41FF-A780-38693E48D355}.Release|Any CPU.Build.0 = Release|Any CPU
		{94C15E13-C3B3-4039-9C4A-7BE46AA2FBF2}.Debug|Any CPU.ActiveCfg = Debug|Any CPU
		{94C15E13-C3B3-4039-9C4A-7BE46AA2FBF2}.Debug|Any CPU.Build.0 = Debug|Any CPU
		{94C15E13-C3B3-4039-9C4A-7BE46AA2FBF2}.Release|Any CPU.ActiveCfg = Release|Any CPU
		{94C15E13-C3B3-4039-9C4A-7BE46AA2FBF2}.Release|Any CPU.Build.0 = Release|Any CPU
		{0D002A65-E664-484B-AC2E-E9D2C65E6FC2}.Debug|Any CPU.ActiveCfg = Debug|Any CPU
		{0D002A65-E664-484B-AC2E-E9D2C65E6FC2}.Debug|Any CPU.Build.0 = Debug|Any CPU
		{0D002A65-E664-484B-AC2E-E9D2C65E6FC2}.Release|Any CPU.ActiveCfg = Release|Any CPU
		{0D002A65-E664-484B-AC2E-E9D2C65E6FC2}.Release|Any CPU.Build.0 = Release|Any CPU
		{FD861FB2-425A-4244-96D3-52A89E2F3F94}.Debug|Any CPU.ActiveCfg = Debug|Any CPU
		{FD861FB2-425A-4244-96D3-52A89E2F3F94}.Debug|Any CPU.Build.0 = Debug|Any CPU
		{FD861FB2-425A-4244-96D3-52A89E2F3F94}.Release|Any CPU.ActiveCfg = Release|Any CPU
		{FD861FB2-425A-4244-96D3-52A89E2F3F94}.Release|Any CPU.Build.0 = Release|Any CPU
	EndGlobalSection
	GlobalSection(SolutionProperties) = preSolution
		HideSolutionNode = FALSE
	EndGlobalSection
	GlobalSection(NestedProjects) = preSolution
		{175CAC64-2927-41FF-A780-38693E48D355} = {C26C6594-0189-4F21-B282-729D97B583DE}
		{94C15E13-C3B3-4039-9C4A-7BE46AA2FBF2} = {BA2D53C8-1A45-438E-84F8-A841E335F946}
		{0D002A65-E664-484B-AC2E-E9D2C65E6FC2} = {9E71896F-CF31-46AD-AA0C-CA1B16EC2382}
		{FD861FB2-425A-4244-96D3-52A89E2F3F94} = {167EC54A-C7B1-4A69-99F6-9A3BEB069B03}
	EndGlobalSection
	GlobalSection(ExtensibilityGlobals) = postSolution
		SolutionGuid = {27327E26-E683-4256-8182-01A12C20C08A}
	EndGlobalSection
EndGlobal
